// !$*UTF8*$!
{
	archiveVersion = 1;
	classes = {
	};
	objectVersion = 46;
	objects = {

/* Begin PBXBuildFile section */
		BA39AF2E1DC2A67300FE3CE5 /* PantryViewController.m in Sources */ = {isa = PBXBuildFile; fileRef = BA39AF2D1DC2A67300FE3CE5 /* PantryViewController.m */; };
		BA39AF311DC2A69D00FE3CE5 /* StoreFinderViewController.m in Sources */ = {isa = PBXBuildFile; fileRef = BA39AF301DC2A69D00FE3CE5 /* StoreFinderViewController.m */; };
		BA39AF341DC2A6B600FE3CE5 /* BarcodeScannerViewController.m in Sources */ = {isa = PBXBuildFile; fileRef = BA39AF331DC2A6B600FE3CE5 /* BarcodeScannerViewController.m */; };
		BA62756B1DDD34DB00E5B4F9 /* bag.png in Resources */ = {isa = PBXBuildFile; fileRef = BA6275671DDD34DB00E5B4F9 /* bag.png */; };
		BA62756C1DDD34DB00E5B4F9 /* barcode.png in Resources */ = {isa = PBXBuildFile; fileRef = BA6275681DDD34DB00E5B4F9 /* barcode.png */; };
		BA62756D1DDD34DB00E5B4F9 /* gps.png in Resources */ = {isa = PBXBuildFile; fileRef = BA6275691DDD34DB00E5B4F9 /* gps.png */; };
		BA62756E1DDD34DB00E5B4F9 /* home.png in Resources */ = {isa = PBXBuildFile; fileRef = BA62756A1DDD34DB00E5B4F9 /* home.png */; };
		BA6275701DDE8FA100E5B4F9 /* book.png in Resources */ = {isa = PBXBuildFile; fileRef = BA62756F1DDE8FA100E5B4F9 /* book.png */; };
		BA6275731DE290D900E5B4F9 /* RecipesViewCell.m in Sources */ = {isa = PBXBuildFile; fileRef = BA6275721DE290D900E5B4F9 /* RecipesViewCell.m */; };
		BA6275761DE2911100E5B4F9 /* PantryViewCell.m in Sources */ = {isa = PBXBuildFile; fileRef = BA6275751DE2911100E5B4F9 /* PantryViewCell.m */; };
		BA6275791DEDE6BB00E5B4F9 /* Recipe.m in Sources */ = {isa = PBXBuildFile; fileRef = BA6275781DEDE6BB00E5B4F9 /* Recipe.m */; };
		BA62757C1DF4E45100E5B4F9 /* ApplicationState.m in Sources */ = {isa = PBXBuildFile; fileRef = BA62757B1DF4E45100E5B4F9 /* ApplicationState.m */; };
		BA62757F1DF4E9E800E5B4F9 /* GrocreyStore.m in Sources */ = {isa = PBXBuildFile; fileRef = BA62757E1DF4E9E800E5B4F9 /* GrocreyStore.m */; };
		BA6D1DBB1DAEECE400C13C85 /* main.m in Sources */ = {isa = PBXBuildFile; fileRef = BA6D1DBA1DAEECE400C13C85 /* main.m */; };
		BA6D1DBE1DAEECE400C13C85 /* AppDelegate.m in Sources */ = {isa = PBXBuildFile; fileRef = BA6D1DBD1DAEECE400C13C85 /* AppDelegate.m */; };
		BA6D1DC11DAEECE400C13C85 /* HomeViewController.m in Sources */ = {isa = PBXBuildFile; fileRef = BA6D1DC01DAEECE400C13C85 /* HomeViewController.m */; };
		BA6D1DC41DAEECE400C13C85 /* RecipesViewController.m in Sources */ = {isa = PBXBuildFile; fileRef = BA6D1DC31DAEECE400C13C85 /* RecipesViewController.m */; };
		BA6D1DC71DAEECE400C13C85 /* Main.storyboard in Resources */ = {isa = PBXBuildFile; fileRef = BA6D1DC51DAEECE400C13C85 /* Main.storyboard */; };
		BA6D1DC91DAEECE400C13C85 /* Assets.xcassets in Resources */ = {isa = PBXBuildFile; fileRef = BA6D1DC81DAEECE400C13C85 /* Assets.xcassets */; };
		BA6D1DCC1DAEECE400C13C85 /* LaunchScreen.storyboard in Resources */ = {isa = PBXBuildFile; fileRef = BA6D1DCA1DAEECE400C13C85 /* LaunchScreen.storyboard */; };
		BA6D1DD71DAEECE400C13C85 /* PantryRaidTests.m in Sources */ = {isa = PBXBuildFile; fileRef = BA6D1DD61DAEECE400C13C85 /* PantryRaidTests.m */; };
		BA6D1DE21DAEECE400C13C85 /* PantryRaidUITests.m in Sources */ = {isa = PBXBuildFile; fileRef = BA6D1DE11DAEECE400C13C85 /* PantryRaidUITests.m */; };
/* End PBXBuildFile section */

/* Begin PBXContainerItemProxy section */
		BA6D1DD31DAEECE400C13C85 /* PBXContainerItemProxy */ = {
			isa = PBXContainerItemProxy;
			containerPortal = BA6D1DAE1DAEECE200C13C85 /* Project object */;
			proxyType = 1;
			remoteGlobalIDString = BA6D1DB51DAEECE300C13C85;
			remoteInfo = PantryRaid;
		};
		BA6D1DDE1DAEECE400C13C85 /* PBXContainerItemProxy */ = {
			isa = PBXContainerItemProxy;
			containerPortal = BA6D1DAE1DAEECE200C13C85 /* Project object */;
			proxyType = 1;
			remoteGlobalIDString = BA6D1DB51DAEECE300C13C85;
			remoteInfo = PantryRaid;
		};
/* End PBXContainerItemProxy section */

/* Begin PBXFileReference section */
		BA39AF2C1DC2A67300FE3CE5 /* PantryViewController.h */ = {isa = PBXFileReference; fileEncoding = 4; lastKnownFileType = sourcecode.c.h; path = PantryViewController.h; sourceTree = "<group>"; };
		BA39AF2D1DC2A67300FE3CE5 /* PantryViewController.m */ = {isa = PBXFileReference; fileEncoding = 4; lastKnownFileType = sourcecode.c.objc; path = PantryViewController.m; sourceTree = "<group>"; };
		BA39AF2F1DC2A69D00FE3CE5 /* StoreFinderViewController.h */ = {isa = PBXFileReference; fileEncoding = 4; lastKnownFileType = sourcecode.c.h; path = StoreFinderViewController.h; sourceTree = "<group>"; };
		BA39AF301DC2A69D00FE3CE5 /* StoreFinderViewController.m */ = {isa = PBXFileReference; fileEncoding = 4; lastKnownFileType = sourcecode.c.objc; path = StoreFinderViewController.m; sourceTree = "<group>"; };
		BA39AF321DC2A6B600FE3CE5 /* BarcodeScannerViewController.h */ = {isa = PBXFileReference; fileEncoding = 4; lastKnownFileType = sourcecode.c.h; path = BarcodeScannerViewController.h; sourceTree = "<group>"; };
		BA39AF331DC2A6B600FE3CE5 /* BarcodeScannerViewController.m */ = {isa = PBXFileReference; fileEncoding = 4; lastKnownFileType = sourcecode.c.objc; path = BarcodeScannerViewController.m; sourceTree = "<group>"; };
		BA6275671DDD34DB00E5B4F9 /* bag.png */ = {isa = PBXFileReference; lastKnownFileType = image.png; path = bag.png; sourceTree = "<group>"; };
		BA6275681DDD34DB00E5B4F9 /* barcode.png */ = {isa = PBXFileReference; lastKnownFileType = image.png; path = barcode.png; sourceTree = "<group>"; };
		BA6275691DDD34DB00E5B4F9 /* gps.png */ = {isa = PBXFileReference; lastKnownFileType = image.png; path = gps.png; sourceTree = "<group>"; };
		BA62756A1DDD34DB00E5B4F9 /* home.png */ = {isa = PBXFileReference; lastKnownFileType = image.png; path = home.png; sourceTree = "<group>"; };
		BA62756F1DDE8FA100E5B4F9 /* book.png */ = {isa = PBXFileReference; lastKnownFileType = image.png; path = book.png; sourceTree = "<group>"; };
		BA6275711DE290D900E5B4F9 /* RecipesViewCell.h */ = {isa = PBXFileReference; fileEncoding = 4; lastKnownFileType = sourcecode.c.h; path = RecipesViewCell.h; sourceTree = "<group>"; };
		BA6275721DE290D900E5B4F9 /* RecipesViewCell.m */ = {isa = PBXFileReference; fileEncoding = 4; lastKnownFileType = sourcecode.c.objc; path = RecipesViewCell.m; sourceTree = "<group>"; };
		BA6275741DE2911100E5B4F9 /* PantryViewCell.h */ = {isa = PBXFileReference; fileEncoding = 4; lastKnownFileType = sourcecode.c.h; path = PantryViewCell.h; sourceTree = "<group>"; };
		BA6275751DE2911100E5B4F9 /* PantryViewCell.m */ = {isa = PBXFileReference; fileEncoding = 4; lastKnownFileType = sourcecode.c.objc; path = PantryViewCell.m; sourceTree = "<group>"; };
		BA6275771DEDE6BB00E5B4F9 /* Recipe.h */ = {isa = PBXFileReference; fileEncoding = 4; lastKnownFileType = sourcecode.c.h; path = Recipe.h; sourceTree = "<group>"; };
		BA6275781DEDE6BB00E5B4F9 /* Recipe.m */ = {isa = PBXFileReference; fileEncoding = 4; lastKnownFileType = sourcecode.c.objc; path = Recipe.m; sourceTree = "<group>"; };
		BA62757A1DF4E45100E5B4F9 /* ApplicationState.h */ = {isa = PBXFileReference; fileEncoding = 4; lastKnownFileType = sourcecode.c.h; path = ApplicationState.h; sourceTree = "<group>"; };
		BA62757B1DF4E45100E5B4F9 /* ApplicationState.m */ = {isa = PBXFileReference; fileEncoding = 4; lastKnownFileType = sourcecode.c.objc; path = ApplicationState.m; sourceTree = "<group>"; };
		BA62757D1DF4E9E800E5B4F9 /* GrocreyStore.h */ = {isa = PBXFileReference; fileEncoding = 4; lastKnownFileType = sourcecode.c.h; path = GrocreyStore.h; sourceTree = "<group>"; };
		BA62757E1DF4E9E800E5B4F9 /* GrocreyStore.m */ = {isa = PBXFileReference; fileEncoding = 4; lastKnownFileType = sourcecode.c.objc; path = GrocreyStore.m; sourceTree = "<group>"; };
		BA6D1DB61DAEECE400C13C85 /* PantryRaid.app */ = {isa = PBXFileReference; explicitFileType = wrapper.application; includeInIndex = 0; path = PantryRaid.app; sourceTree = BUILT_PRODUCTS_DIR; };
		BA6D1DBA1DAEECE400C13C85 /* main.m */ = {isa = PBXFileReference; lastKnownFileType = sourcecode.c.objc; path = main.m; sourceTree = "<group>"; };
		BA6D1DBC1DAEECE400C13C85 /* AppDelegate.h */ = {isa = PBXFileReference; lastKnownFileType = sourcecode.c.h; path = AppDelegate.h; sourceTree = "<group>"; };
		BA6D1DBD1DAEECE400C13C85 /* AppDelegate.m */ = {isa = PBXFileReference; lastKnownFileType = sourcecode.c.objc; path = AppDelegate.m; sourceTree = "<group>"; };
		BA6D1DBF1DAEECE400C13C85 /* HomeViewController.h */ = {isa = PBXFileReference; lastKnownFileType = sourcecode.c.h; path = HomeViewController.h; sourceTree = "<group>"; };
		BA6D1DC01DAEECE400C13C85 /* HomeViewController.m */ = {isa = PBXFileReference; lastKnownFileType = sourcecode.c.objc; path = HomeViewController.m; sourceTree = "<group>"; };
		BA6D1DC21DAEECE400C13C85 /* RecipesViewController.h */ = {isa = PBXFileReference; lastKnownFileType = sourcecode.c.h; path = RecipesViewController.h; sourceTree = "<group>"; };
		BA6D1DC31DAEECE400C13C85 /* RecipesViewController.m */ = {isa = PBXFileReference; lastKnownFileType = sourcecode.c.objc; path = RecipesViewController.m; sourceTree = "<group>"; };
		BA6D1DC61DAEECE400C13C85 /* Base */ = {isa = PBXFileReference; lastKnownFileType = file.storyboard; name = Base; path = Base.lproj/Main.storyboard; sourceTree = "<group>"; };
		BA6D1DC81DAEECE400C13C85 /* Assets.xcassets */ = {isa = PBXFileReference; lastKnownFileType = folder.assetcatalog; path = Assets.xcassets; sourceTree = "<group>"; };
		BA6D1DCB1DAEECE400C13C85 /* Base */ = {isa = PBXFileReference; lastKnownFileType = file.storyboard; name = Base; path = Base.lproj/LaunchScreen.storyboard; sourceTree = "<group>"; };
		BA6D1DCD1DAEECE400C13C85 /* Info.plist */ = {isa = PBXFileReference; lastKnownFileType = text.plist.xml; path = Info.plist; sourceTree = "<group>"; };
		BA6D1DD21DAEECE400C13C85 /* PantryRaidTests.xctest */ = {isa = PBXFileReference; explicitFileType = wrapper.cfbundle; includeInIndex = 0; path = PantryRaidTests.xctest; sourceTree = BUILT_PRODUCTS_DIR; };
		BA6D1DD61DAEECE400C13C85 /* PantryRaidTests.m */ = {isa = PBXFileReference; lastKnownFileType = sourcecode.c.objc; path = PantryRaidTests.m; sourceTree = "<group>"; };
		BA6D1DD81DAEECE400C13C85 /* Info.plist */ = {isa = PBXFileReference; lastKnownFileType = text.plist.xml; path = Info.plist; sourceTree = "<group>"; };
		BA6D1DDD1DAEECE400C13C85 /* PantryRaidUITests.xctest */ = {isa = PBXFileReference; explicitFileType = wrapper.cfbundle; includeInIndex = 0; path = PantryRaidUITests.xctest; sourceTree = BUILT_PRODUCTS_DIR; };
		BA6D1DE11DAEECE400C13C85 /* PantryRaidUITests.m */ = {isa = PBXFileReference; lastKnownFileType = sourcecode.c.objc; path = PantryRaidUITests.m; sourceTree = "<group>"; };
		BA6D1DE31DAEECE400C13C85 /* Info.plist */ = {isa = PBXFileReference; lastKnownFileType = text.plist.xml; path = Info.plist; sourceTree = "<group>"; };
/* End PBXFileReference section */

/* Begin PBXFrameworksBuildPhase section */
		BA6D1DB31DAEECE300C13C85 /* Frameworks */ = {
			isa = PBXFrameworksBuildPhase;
			buildActionMask = 2147483647;
			files = (
			);
			runOnlyForDeploymentPostprocessing = 0;
		};
		BA6D1DCF1DAEECE400C13C85 /* Frameworks */ = {
			isa = PBXFrameworksBuildPhase;
			buildActionMask = 2147483647;
			files = (
			);
			runOnlyForDeploymentPostprocessing = 0;
		};
		BA6D1DDA1DAEECE400C13C85 /* Frameworks */ = {
			isa = PBXFrameworksBuildPhase;
			buildActionMask = 2147483647;
			files = (
			);
			runOnlyForDeploymentPostprocessing = 0;
		};
/* End PBXFrameworksBuildPhase section */

/* Begin PBXGroup section */
		BA6275801DF4E9F900E5B4F9 /* Images */ = {
			isa = PBXGroup;
			children = (
				BA6275671DDD34DB00E5B4F9 /* bag.png */,
				BA6275681DDD34DB00E5B4F9 /* barcode.png */,
				BA6275691DDD34DB00E5B4F9 /* gps.png */,
				BA62756A1DDD34DB00E5B4F9 /* home.png */,
				BA62756F1DDE8FA100E5B4F9 /* book.png */,
			);
			name = Images;
			sourceTree = "<group>";
		};
		BA6D1DAD1DAEECE200C13C85 = {
			isa = PBXGroup;
			children = (
				BA6D1DB81DAEECE400C13C85 /* PantryRaid */,
				BA6D1DD51DAEECE400C13C85 /* PantryRaidTests */,
				BA6D1DE01DAEECE400C13C85 /* PantryRaidUITests */,
				BA6D1DB71DAEECE400C13C85 /* Products */,
			);
			sourceTree = "<group>";
		};
		BA6D1DB71DAEECE400C13C85 /* Products */ = {
			isa = PBXGroup;
			children = (
				BA6D1DB61DAEECE400C13C85 /* PantryRaid.app */,
				BA6D1DD21DAEECE400C13C85 /* PantryRaidTests.xctest */,
				BA6D1DDD1DAEECE400C13C85 /* PantryRaidUITests.xctest */,
			);
			name = Products;
			sourceTree = "<group>";
		};
		BA6D1DB81DAEECE400C13C85 /* PantryRaid */ = {
			isa = PBXGroup;
			children = (
				BA6D1DBC1DAEECE400C13C85 /* AppDelegate.h */,
				BA6D1DBD1DAEECE400C13C85 /* AppDelegate.m */,
				BA6D1DBF1DAEECE400C13C85 /* HomeViewController.h */,
				BA6D1DC01DAEECE400C13C85 /* HomeViewController.m */,
				BA39AF2C1DC2A67300FE3CE5 /* PantryViewController.h */,
				BA39AF2D1DC2A67300FE3CE5 /* PantryViewController.m */,
				BA6D1DC21DAEECE400C13C85 /* RecipesViewController.h */,
				BA6D1DC31DAEECE400C13C85 /* RecipesViewController.m */,
				BA39AF2F1DC2A69D00FE3CE5 /* StoreFinderViewController.h */,
				BA39AF301DC2A69D00FE3CE5 /* StoreFinderViewController.m */,
				BA39AF321DC2A6B600FE3CE5 /* BarcodeScannerViewController.h */,
				BA39AF331DC2A6B600FE3CE5 /* BarcodeScannerViewController.m */,
				BA6275711DE290D900E5B4F9 /* RecipesViewCell.h */,
				BA6275721DE290D900E5B4F9 /* RecipesViewCell.m */,
				BA6275741DE2911100E5B4F9 /* PantryViewCell.h */,
				BA6275751DE2911100E5B4F9 /* PantryViewCell.m */,
				BA6D1DC51DAEECE400C13C85 /* Main.storyboard */,
				BA6D1DC81DAEECE400C13C85 /* Assets.xcassets */,
				BA6D1DCA1DAEECE400C13C85 /* LaunchScreen.storyboard */,
				BA6D1DCD1DAEECE400C13C85 /* Info.plist */,
				BA6275801DF4E9F900E5B4F9 /* Images */,
				BA6D1DB91DAEECE400C13C85 /* Supporting Files */,
			);
			path = PantryRaid;
			sourceTree = "<group>";
		};
		BA6D1DB91DAEECE400C13C85 /* Supporting Files */ = {
			isa = PBXGroup;
			children = (
				BA6275771DEDE6BB00E5B4F9 /* Recipe.h */,
				BA6275781DEDE6BB00E5B4F9 /* Recipe.m */,
				BA62757A1DF4E45100E5B4F9 /* ApplicationState.h */,
				BA62757B1DF4E45100E5B4F9 /* ApplicationState.m */,
				BA62757D1DF4E9E800E5B4F9 /* GrocreyStore.h */,
				BA62757E1DF4E9E800E5B4F9 /* GrocreyStore.m */,
				BA6D1DBA1DAEECE400C13C85 /* main.m */,
			);
			name = "Supporting Files";
			sourceTree = "<group>";
		};
		BA6D1DD51DAEECE400C13C85 /* PantryRaidTests */ = {
			isa = PBXGroup;
			children = (
				BA6D1DD61DAEECE400C13C85 /* PantryRaidTests.m */,
				BA6D1DD81DAEECE400C13C85 /* Info.plist */,
			);
			path = PantryRaidTests;
			sourceTree = "<group>";
		};
		BA6D1DE01DAEECE400C13C85 /* PantryRaidUITests */ = {
			isa = PBXGroup;
			children = (
				BA6D1DE11DAEECE400C13C85 /* PantryRaidUITests.m */,
				BA6D1DE31DAEECE400C13C85 /* Info.plist */,
			);
			path = PantryRaidUITests;
			sourceTree = "<group>";
		};
/* End PBXGroup section */

/* Begin PBXNativeTarget section */
		BA6D1DB51DAEECE300C13C85 /* PantryRaid */ = {
			isa = PBXNativeTarget;
			buildConfigurationList = BA6D1DE61DAEECE400C13C85 /* Build configuration list for PBXNativeTarget "PantryRaid" */;
			buildPhases = (
				BA6D1DB21DAEECE300C13C85 /* Sources */,
				BA6D1DB31DAEECE300C13C85 /* Frameworks */,
				BA6D1DB41DAEECE300C13C85 /* Resources */,
			);
			buildRules = (
			);
			dependencies = (
			);
			name = PantryRaid;
			productName = PantryRaid;
			productReference = BA6D1DB61DAEECE400C13C85 /* PantryRaid.app */;
			productType = "com.apple.product-type.application";
		};
		BA6D1DD11DAEECE400C13C85 /* PantryRaidTests */ = {
			isa = PBXNativeTarget;
			buildConfigurationList = BA6D1DE91DAEECE400C13C85 /* Build configuration list for PBXNativeTarget "PantryRaidTests" */;
			buildPhases = (
				BA6D1DCE1DAEECE400C13C85 /* Sources */,
				BA6D1DCF1DAEECE400C13C85 /* Frameworks */,
				BA6D1DD01DAEECE400C13C85 /* Resources */,
			);
			buildRules = (
			);
			dependencies = (
				BA6D1DD41DAEECE400C13C85 /* PBXTargetDependency */,
			);
			name = PantryRaidTests;
			productName = PantryRaidTests;
			productReference = BA6D1DD21DAEECE400C13C85 /* PantryRaidTests.xctest */;
			productType = "com.apple.product-type.bundle.unit-test";
		};
		BA6D1DDC1DAEECE400C13C85 /* PantryRaidUITests */ = {
			isa = PBXNativeTarget;
			buildConfigurationList = BA6D1DEC1DAEECE400C13C85 /* Build configuration list for PBXNativeTarget "PantryRaidUITests" */;
			buildPhases = (
				BA6D1DD91DAEECE400C13C85 /* Sources */,
				BA6D1DDA1DAEECE400C13C85 /* Frameworks */,
				BA6D1DDB1DAEECE400C13C85 /* Resources */,
			);
			buildRules = (
			);
			dependencies = (
				BA6D1DDF1DAEECE400C13C85 /* PBXTargetDependency */,
			);
			name = PantryRaidUITests;
			productName = PantryRaidUITests;
			productReference = BA6D1DDD1DAEECE400C13C85 /* PantryRaidUITests.xctest */;
			productType = "com.apple.product-type.bundle.ui-testing";
		};
/* End PBXNativeTarget section */

/* Begin PBXProject section */
		BA6D1DAE1DAEECE200C13C85 /* Project object */ = {
			isa = PBXProject;
			attributes = {
				LastUpgradeCheck = 0800;
				ORGANIZATIONNAME = "Brenna Pavlinchak";
				TargetAttributes = {
					BA6D1DB51DAEECE300C13C85 = {
						CreatedOnToolsVersion = 8.0;
						ProvisioningStyle = Automatic;
					};
					BA6D1DD11DAEECE400C13C85 = {
						CreatedOnToolsVersion = 8.0;
						ProvisioningStyle = Automatic;
						TestTargetID = BA6D1DB51DAEECE300C13C85;
					};
					BA6D1DDC1DAEECE400C13C85 = {
						CreatedOnToolsVersion = 8.0;
						ProvisioningStyle = Automatic;
						TestTargetID = BA6D1DB51DAEECE300C13C85;
					};
				};
			};
			buildConfigurationList = BA6D1DB11DAEECE300C13C85 /* Build configuration list for PBXProject "PantryRaid" */;
			compatibilityVersion = "Xcode 3.2";
			developmentRegion = English;
			hasScannedForEncodings = 0;
			knownRegions = (
				en,
				Base,
			);
			mainGroup = BA6D1DAD1DAEECE200C13C85;
			productRefGroup = BA6D1DB71DAEECE400C13C85 /* Products */;
			projectDirPath = "";
			projectRoot = "";
			targets = (
				BA6D1DB51DAEECE300C13C85 /* PantryRaid */,
				BA6D1DD11DAEECE400C13C85 /* PantryRaidTests */,
				BA6D1DDC1DAEECE400C13C85 /* PantryRaidUITests */,
			);
		};
/* End PBXProject section */

/* Begin PBXResourcesBuildPhase section */
		BA6D1DB41DAEECE300C13C85 /* Resources */ = {
			isa = PBXResourcesBuildPhase;
			buildActionMask = 2147483647;
			files = (
				BA62756C1DDD34DB00E5B4F9 /* barcode.png in Resources */,
				BA6D1DCC1DAEECE400C13C85 /* LaunchScreen.storyboard in Resources */,
				BA6D1DC91DAEECE400C13C85 /* Assets.xcassets in Resources */,
				BA62756B1DDD34DB00E5B4F9 /* bag.png in Resources */,
				BA62756E1DDD34DB00E5B4F9 /* home.png in Resources */,
				BA6D1DC71DAEECE400C13C85 /* Main.storyboard in Resources */,
				BA6275701DDE8FA100E5B4F9 /* book.png in Resources */,
				BA62756D1DDD34DB00E5B4F9 /* gps.png in Resources */,
			);
			runOnlyForDeploymentPostprocessing = 0;
		};
		BA6D1DD01DAEECE400C13C85 /* Resources */ = {
			isa = PBXResourcesBuildPhase;
			buildActionMask = 2147483647;
			files = (
			);
			runOnlyForDeploymentPostprocessing = 0;
		};
		BA6D1DDB1DAEECE400C13C85 /* Resources */ = {
			isa = PBXResourcesBuildPhase;
			buildActionMask = 2147483647;
			files = (
			);
			runOnlyForDeploymentPostprocessing = 0;
		};
/* End PBXResourcesBuildPhase section */

/* Begin PBXSourcesBuildPhase section */
		BA6D1DB21DAEECE300C13C85 /* Sources */ = {
			isa = PBXSourcesBuildPhase;
			buildActionMask = 2147483647;
			files = (
				BA6275761DE2911100E5B4F9 /* PantryViewCell.m in Sources */,
				BA6275791DEDE6BB00E5B4F9 /* Recipe.m in Sources */,
				BA6D1DC41DAEECE400C13C85 /* RecipesViewController.m in Sources */,
				BA39AF2E1DC2A67300FE3CE5 /* PantryViewController.m in Sources */,
				BA6275731DE290D900E5B4F9 /* RecipesViewCell.m in Sources */,
				BA6D1DBE1DAEECE400C13C85 /* AppDelegate.m in Sources */,
				BA6D1DC11DAEECE400C13C85 /* HomeViewController.m in Sources */,
				BA62757C1DF4E45100E5B4F9 /* ApplicationState.m in Sources */,
				BA39AF311DC2A69D00FE3CE5 /* StoreFinderViewController.m in Sources */,
				BA62757F1DF4E9E800E5B4F9 /* GrocreyStore.m in Sources */,
				BA6D1DBB1DAEECE400C13C85 /* main.m in Sources */,
				BA39AF341DC2A6B600FE3CE5 /* BarcodeScannerViewController.m in Sources */,
			);
			runOnlyForDeploymentPostprocessing = 0;
		};
		BA6D1DCE1DAEECE400C13C85 /* Sources */ = {
			isa = PBXSourcesBuildPhase;
			buildActionMask = 2147483647;
			files = (
				BA6D1DD71DAEECE400C13C85 /* PantryRaidTests.m in Sources */,
			);
			runOnlyForDeploymentPostprocessing = 0;
		};
		BA6D1DD91DAEECE400C13C85 /* Sources */ = {
			isa = PBXSourcesBuildPhase;
			buildActionMask = 2147483647;
			files = (
				BA6D1DE21DAEECE400C13C85 /* PantryRaidUITests.m in Sources */,
			);
			runOnlyForDeploymentPostprocessing = 0;
		};
/* End PBXSourcesBuildPhase section */

/* Begin PBXTargetDependency section */
		BA6D1DD41DAEECE400C13C85 /* PBXTargetDependency */ = {
			isa = PBXTargetDependency;
			target = BA6D1DB51DAEECE300C13C85 /* PantryRaid */;
			targetProxy = BA6D1DD31DAEECE400C13C85 /* PBXContainerItemProxy */;
		};
		BA6D1DDF1DAEECE400C13C85 /* PBXTargetDependency */ = {
			isa = PBXTargetDependency;
			target = BA6D1DB51DAEECE300C13C85 /* PantryRaid */;
			targetProxy = BA6D1DDE1DAEECE400C13C85 /* PBXContainerItemProxy */;
		};
/* End PBXTargetDependency section */

/* Begin PBXVariantGroup section */
		BA6D1DC51DAEECE400C13C85 /* Main.storyboard */ = {
			isa = PBXVariantGroup;
			children = (
				BA6D1DC61DAEECE400C13C85 /* Base */,
			);
			name = Main.storyboard;
			sourceTree = "<group>";
		};
		BA6D1DCA1DAEECE400C13C85 /* LaunchScreen.storyboard */ = {
			isa = PBXVariantGroup;
			children = (
				BA6D1DCB1DAEECE400C13C85 /* Base */,
			);
			name = LaunchScreen.storyboard;
			sourceTree = "<group>";
		};
/* End PBXVariantGroup section */

/* Begin XCBuildConfiguration section */
		BA6D1DE41DAEECE400C13C85 /* Debug */ = {
			isa = XCBuildConfiguration;
			buildSettings = {
				ALWAYS_SEARCH_USER_PATHS = NO;
				CLANG_ANALYZER_NONNULL = YES;
				CLANG_CXX_LANGUAGE_STANDARD = "gnu++0x";
				CLANG_CXX_LIBRARY = "libc++";
				CLANG_ENABLE_MODULES = YES;
				CLANG_ENABLE_OBJC_ARC = YES;
				CLANG_WARN_BOOL_CONVERSION = YES;
				CLANG_WARN_CONSTANT_CONVERSION = YES;
				CLANG_WARN_DIRECT_OBJC_ISA_USAGE = YES_ERROR;
				CLANG_WARN_DOCUMENTATION_COMMENTS = YES;
				CLANG_WARN_EMPTY_BODY = YES;
				CLANG_WARN_ENUM_CONVERSION = YES;
				CLANG_WARN_INFINITE_RECURSION = YES;
				CLANG_WARN_INT_CONVERSION = YES;
				CLANG_WARN_OBJC_ROOT_CLASS = YES_ERROR;
				CLANG_WARN_SUSPICIOUS_MOVES = YES;
				CLANG_WARN_UNREACHABLE_CODE = YES;
				CLANG_WARN__DUPLICATE_METHOD_MATCH = YES;
				"CODE_SIGN_IDENTITY[sdk=iphoneos*]" = "iPhone Developer";
				COPY_PHASE_STRIP = NO;
				DEBUG_INFORMATION_FORMAT = dwarf;
				ENABLE_STRICT_OBJC_MSGSEND = YES;
				ENABLE_TESTABILITY = YES;
				GCC_C_LANGUAGE_STANDARD = gnu99;
				GCC_DYNAMIC_NO_PIC = NO;
				GCC_NO_COMMON_BLOCKS = YES;
				GCC_OPTIMIZATION_LEVEL = 0;
				GCC_PREPROCESSOR_DEFINITIONS = (
					"DEBUG=1",
					"$(inherited)",
				);
				GCC_WARN_64_TO_32_BIT_CONVERSION = YES;
				GCC_WARN_ABOUT_RETURN_TYPE = YES_ERROR;
				GCC_WARN_UNDECLARED_SELECTOR = YES;
				GCC_WARN_UNINITIALIZED_AUTOS = YES_AGGRESSIVE;
				GCC_WARN_UNUSED_FUNCTION = YES;
				GCC_WARN_UNUSED_VARIABLE = YES;
				IPHONEOS_DEPLOYMENT_TARGET = 10.0;
				MTL_ENABLE_DEBUG_INFO = YES;
				ONLY_ACTIVE_ARCH = YES;
				SDKROOT = iphoneos;
				TARGETED_DEVICE_FAMILY = "1,2";
			};
			name = Debug;
		};
		BA6D1DE51DAEECE400C13C85 /* Release */ = {
			isa = XCBuildConfiguration;
			buildSettings = {
				ALWAYS_SEARCH_USER_PATHS = NO;
				CLANG_ANALYZER_NONNULL = YES;
				CLANG_CXX_LANGUAGE_STANDARD = "gnu++0x";
				CLANG_CXX_LIBRARY = "libc++";
				CLANG_ENABLE_MODULES = YES;
				CLANG_ENABLE_OBJC_ARC = YES;
				CLANG_WARN_BOOL_CONVERSION = YES;
				CLANG_WARN_CONSTANT_CONVERSION = YES;
				CLANG_WARN_DIRECT_OBJC_ISA_USAGE = YES_ERROR;
				CLANG_WARN_DOCUMENTATION_COMMENTS = YES;
				CLANG_WARN_EMPTY_BODY = YES;
				CLANG_WARN_ENUM_CONVERSION = YES;
				CLANG_WARN_INFINITE_RECURSION = YES;
				CLANG_WARN_INT_CONVERSION = YES;
				CLANG_WARN_OBJC_ROOT_CLASS = YES_ERROR;
				CLANG_WARN_SUSPICIOUS_MOVES = YES;
				CLANG_WARN_UNREACHABLE_CODE = YES;
				CLANG_WARN__DUPLICATE_METHOD_MATCH = YES;
				"CODE_SIGN_IDENTITY[sdk=iphoneos*]" = "iPhone Developer";
				COPY_PHASE_STRIP = NO;
				DEBUG_INFORMATION_FORMAT = "dwarf-with-dsym";
				ENABLE_NS_ASSERTIONS = NO;
				ENABLE_STRICT_OBJC_MSGSEND = YES;
				GCC_C_LANGUAGE_STANDARD = gnu99;
				GCC_NO_COMMON_BLOCKS = YES;
				GCC_WARN_64_TO_32_BIT_CONVERSION = YES;
				GCC_WARN_ABOUT_RETURN_TYPE = YES_ERROR;
				GCC_WARN_UNDECLARED_SELECTOR = YES;
				GCC_WARN_UNINITIALIZED_AUTOS = YES_AGGRESSIVE;
				GCC_WARN_UNUSED_FUNCTION = YES;
				GCC_WARN_UNUSED_VARIABLE = YES;
				IPHONEOS_DEPLOYMENT_TARGET = 10.0;
				MTL_ENABLE_DEBUG_INFO = NO;
				SDKROOT = iphoneos;
				TARGETED_DEVICE_FAMILY = "1,2";
				VALIDATE_PRODUCT = YES;
			};
			name = Release;
		};
		BA6D1DE71DAEECE400C13C85 /* Debug */ = {
			isa = XCBuildConfiguration;
			buildSettings = {
				ASSETCATALOG_COMPILER_APPICON_NAME = AppIcon;
				INFOPLIST_FILE = PantryRaid/Info.plist;
				IPHONEOS_DEPLOYMENT_TARGET = 9.0;
				LD_RUNPATH_SEARCH_PATHS = "$(inherited) @executable_path/Frameworks";
				PRODUCT_BUNDLE_IDENTIFIER = com.RavenDesign.testApp.PantryRaid;
				PRODUCT_NAME = "$(TARGET_NAME)";
			};
			name = Debug;
		};
		BA6D1DE81DAEECE400C13C85 /* Release */ = {
			isa = XCBuildConfiguration;
			buildSettings = {
				ASSETCATALOG_COMPILER_APPICON_NAME = AppIcon;
				INFOPLIST_FILE = PantryRaid/Info.plist;
				IPHONEOS_DEPLOYMENT_TARGET = 9.0;
				LD_RUNPATH_SEARCH_PATHS = "$(inherited) @executable_path/Frameworks";
				PRODUCT_BUNDLE_IDENTIFIER = com.RavenDesign.testApp.PantryRaid;
				PRODUCT_NAME = "$(TARGET_NAME)";
			};
			name = Release;
		};
		BA6D1DEA1DAEECE400C13C85 /* Debug */ = {
			isa = XCBuildConfiguration;
			buildSettings = {
				BUNDLE_LOADER = "$(TEST_HOST)";
				INFOPLIST_FILE = PantryRaidTests/Info.plist;
				LD_RUNPATH_SEARCH_PATHS = "$(inherited) @executable_path/Frameworks @loader_path/Frameworks";
				PRODUCT_BUNDLE_IDENTIFIER = com.RavenDesign.testApp.PantryRaidTests;
				PRODUCT_NAME = "$(TARGET_NAME)";
				TEST_HOST = "$(BUILT_PRODUCTS_DIR)/PantryRaid.app/PantryRaid";
			};
			name = Debug;
		};
		BA6D1DEB1DAEECE400C13C85 /* Release */ = {
			isa = XCBuildConfiguration;
			buildSettings = {
				BUNDLE_LOADER = "$(TEST_HOST)";
				INFOPLIST_FILE = PantryRaidTests/Info.plist;
				LD_RUNPATH_SEARCH_PATHS = "$(inherited) @executable_path/Frameworks @loader_path/Frameworks";
				PRODUCT_BUNDLE_IDENTIFIER = com.RavenDesign.testApp.PantryRaidTests;
				PRODUCT_NAME = "$(TARGET_NAME)";
				TEST_HOST = "$(BUILT_PRODUCTS_DIR)/PantryRaid.app/PantryRaid";
			};
			name = Release;
		};
		BA6D1DED1DAEECE400C13C85 /* Debug */ = {
			isa = XCBuildConfiguration;
			buildSettings = {
				INFOPLIST_FILE = PantryRaidUITests/Info.plist;
				LD_RUNPATH_SEARCH_PATHS = "$(inherited) @executable_path/Frameworks @loader_path/Frameworks";
				PRODUCT_BUNDLE_IDENTIFIER = com.RavenDesign.testApp.PantryRaidUITests;
				PRODUCT_NAME = "$(TARGET_NAME)";
				TEST_TARGET_NAME = PantryRaid;
			};
			name = Debug;
		};
		BA6D1DEE1DAEECE400C13C85 /* Release */ = {
			isa = XCBuildConfiguration;
			buildSettings = {
				INFOPLIST_FILE = PantryRaidUITests/Info.plist;
				LD_RUNPATH_SEARCH_PATHS = "$(inherited) @executable_path/Frameworks @loader_path/Frameworks";
				PRODUCT_BUNDLE_IDENTIFIER = com.RavenDesign.testApp.PantryRaidUITests;
				PRODUCT_NAME = "$(TARGET_NAME)";
				TEST_TARGET_NAME = PantryRaid;
			};
			name = Release;
		};
/* End XCBuildConfiguration section */

/* Begin XCConfigurationList section */
		BA6D1DB11DAEECE300C13C85 /* Build configuration list for PBXProject "PantryRaid" */ = {
			isa = XCConfigurationList;
			buildConfigurations = (
				BA6D1DE41DAEECE400C13C85 /* Debug */,
				BA6D1DE51DAEECE400C13C85 /* Release */,
			);
			defaultConfigurationIsVisible = 0;
			defaultConfigurationName = Release;
		};
		BA6D1DE61DAEECE400C13C85 /* Build configuration list for PBXNativeTarget "PantryRaid" */ = {
			isa = XCConfigurationList;
			buildConfigurations = (
				BA6D1DE71DAEECE400C13C85 /* Debug */,
				BA6D1DE81DAEECE400C13C85 /* Release */,
			);
			defaultConfigurationIsVisible = 0;
			defaultConfigurationName = Release;
		};
		BA6D1DE91DAEECE400C13C85 /* Build configuration list for PBXNativeTarget "PantryRaidTests" */ = {
			isa = XCConfigurationList;
			buildConfigurations = (
				BA6D1DEA1DAEECE400C13C85 /* Debug */,
				BA6D1DEB1DAEECE400C13C85 /* Release */,
			);
			defaultConfigurationIsVisible = 0;
			defaultConfigurationName = Release;
		};
		BA6D1DEC1DAEECE400C13C85 /* Build configuration list for PBXNativeTarget "PantryRaidUITests" */ = {
			isa = XCConfigurationList;
			buildConfigurations = (
				BA6D1DED1DAEECE400C13C85 /* Debug */,
				BA6D1DEE1DAEECE400C13C85 /* Release */,
			);
			defaultConfigurationIsVisible = 0;
			defaultConfigurationName = Release;
		};
/* End XCConfigurationList section */
	};
	rootObject = BA6D1DAE1DAEECE200C13C85 /* Project object */;
}
